
Microsoft Visual Studio Solution File, Format Version 12.00
# Visual Studio Version 16
VisualStudioVersion = 16.0.30717.126
MinimumVisualStudioVersion = 10.0.40219.1
Project("{FAE04EC0-301F-11D3-BF4B-00C04F79EFBC}") = "ASPMVCCRUD", "ASPMVCCRUD\ASPMVCCRUD.csproj", "{CA86EC56-4564-44D3-AD60-C2A85B9003E3}"
EndProject
Global
	GlobalSection(SolutionConfigurationPlatforms) = preSolution
		Debug|Any CPU = Debug|Any CPU
		Release|Any CPU = Release|Any CPU
	EndGlobalSection
	GlobalSection(ProjectConfigurationPlatforms) = postSolution
		{CA86EC56-4564-44D3-AD60-C2A85B9003E3}.Debug|Any CPU.ActiveCfg = Debug|Any CPU
		{CA86EC56-4564-44D3-AD60-C2A85B9003E3}.Debug|Any CPU.Build.0 = Debug|Any CPU
		{CA86EC56-4564-44D3-AD60-C2A85B9003E3}.Release|Any CPU.ActiveCfg = Release|Any CPU
		{CA86EC56-4564-44D3-AD60-C2A85B9003E3}.Release|Any CPU.Build.0 = Release|Any CPU
	EndGlobalSection
	GlobalSection(SolutionProperties) = preSolution
		HideSolutionNode = FALSE
	EndGlobalSection
	GlobalSection(ExtensibilityGlobals) = postSolution
		SolutionGuid = {EE339D62-FA6B-42A9-A23A-9B3DF5EEB0F4}
	EndGlobalSection
EndGlobal
